
Microsoft Visual Studio Solution File, Format Version 12.00
# Visual Studio Version 17
VisualStudioVersion = 17.1.32328.378
MinimumVisualStudioVersion = 10.0.40219.1
Project("{FAE04EC0-301F-11D3-BF4B-00C04F79EFBC}") = "WpfHelloWorld", "WpfHelloWorld\WpfHelloWorld.csproj", "{C53D17E1-C25A-4D95-9F0E-03C88AAC3668}"
EndProject
Global
	GlobalSection(SolutionConfigurationPlatforms) = preSolution
		Debug|Any CPU = Debug|Any CPU
		Release|Any CPU = Release|Any CPU
	EndGlobalSection
	GlobalSection(ProjectConfigurationPlatforms) = postSolution
		{C53D17E1-C25A-4D95-9F0E-03C88AAC3668}.Debug|Any CPU.ActiveCfg = Debug|Any CPU
		{C53D17E1-C25A-4D95-9F0E-03C88AAC3668}.Debug|Any CPU.Build.0 = Debug|Any CPU
		{C53D17E1-C25A-4D95-9F0E-03C88AAC3668}.Release|Any CPU.ActiveCfg = Release|Any CPU
		{C53D17E1-C25A-4D95-9F0E-03C88AAC3668}.Release|Any CPU.Build.0 = Release|Any CPU
	EndGlobalSection
	GlobalSection(SolutionProperties) = preSolution
		HideSolutionNode = FALSE
	EndGlobalSection
	GlobalSection(ExtensibilityGlobals) = postSolution
		SolutionGuid = {8AB3F823-3869-4C5B-AC04-76FF22F4D625}
	EndGlobalSection
EndGlobal
